
Microsoft Visual Studio Solution File, Format Version 12.00
# Visual Studio Version 17
VisualStudioVersion = 17.0.31919.166
MinimumVisualStudioVersion = 10.0.40219.1
Project("{FAE04EC0-301F-11D3-BF4B-00C04F79EFBC}") = "EducationPlatform.Api", "EducationPlatform.Api\EducationPlatform.Api.csproj", "{FE462004-1403-4140-8B1F-B6CD41995188}"
EndProject
Project("{FAE04EC0-301F-11D3-BF4B-00C04F79EFBC}") = "EducationPlatform.Data", "EducationPlatform.Data\EducationPlatform.Data.csproj", "{C0ED8054-D97F-4AC8-A3C7-5BF51201E8BC}"
EndProject
Project("{FAE04EC0-301F-11D3-BF4B-00C04F79EFBC}") = "EducationPlatform.Domain", "EducationPlatform.Domain\EducationPlatform.Domain.csproj", "{07D1F773-52FD-4263-8E20-88B2EFF56927}"
EndProject
Project("{FAE04EC0-301F-11D3-BF4B-00C04F79EFBC}") = "EducationPlatform.Service", "EducationPlatform.Service\EducationPlatform.Service.csproj", "{1554A93B-9907-4AF1-AB2E-43D5A8D4A21F}"
EndProject
Global
	GlobalSection(SolutionConfigurationPlatforms) = preSolution
		Debug|Any CPU = Debug|Any CPU
		Release|Any CPU = Release|Any CPU
	EndGlobalSection
	GlobalSection(ProjectConfigurationPlatforms) = postSolution
		{FE462004-1403-4140-8B1F-B6CD41995188}.Debug|Any CPU.ActiveCfg = Debug|Any CPU
		{FE462004-1403-4140-8B1F-B6CD41995188}.Debug|Any CPU.Build.0 = Debug|Any CPU
		{FE462004-1403-4140-8B1F-B6CD41995188}.Release|Any CPU.ActiveCfg = Release|Any CPU
		{FE462004-1403-4140-8B1F-B6CD41995188}.Release|Any CPU.Build.0 = Release|Any CPU
		{C0ED8054-D97F-4AC8-A3C7-5BF51201E8BC}.Debug|Any CPU.ActiveCfg = Debug|Any CPU
		{C0ED8054-D97F-4AC8-A3C7-5BF51201E8BC}.Debug|Any CPU.Build.0 = Debug|Any CPU
		{C0ED8054-D97F-4AC8-A3C7-5BF51201E8BC}.Release|Any CPU.ActiveCfg = Release|Any CPU
		{C0ED8054-D97F-4AC8-A3C7-5BF51201E8BC}.Release|Any CPU.Build.0 = Release|Any CPU
		{07D1F773-52FD-4263-8E20-88B2EFF56927}.Debug|Any CPU.ActiveCfg = Debug|Any CPU
		{07D1F773-52FD-4263-8E20-88B2EFF56927}.Debug|Any CPU.Build.0 = Debug|Any CPU
		{07D1F773-52FD-4263-8E20-88B2EFF56927}.Release|Any CPU.ActiveCfg = Release|Any CPU
		{07D1F773-52FD-4263-8E20-88B2EFF56927}.Release|Any CPU.Build.0 = Release|Any CPU
		{1554A93B-9907-4AF1-AB2E-43D5A8D4A21F}.Debug|Any CPU.ActiveCfg = Debug|Any CPU
		{1554A93B-9907-4AF1-AB2E-43D5A8D4A21F}.Debug|Any CPU.Build.0 = Debug|Any CPU
		{1554A93B-9907-4AF1-AB2E-43D5A8D4A21F}.Release|Any CPU.ActiveCfg = Release|Any CPU
		{1554A93B-9907-4AF1-AB2E-43D5A8D4A21F}.Release|Any CPU.Build.0 = Release|Any CPU
	EndGlobalSection
	GlobalSection(SolutionProperties) = preSolution
		HideSolutionNode = FALSE
	EndGlobalSection
	GlobalSection(ExtensibilityGlobals) = postSolution
		SolutionGuid = {1956C496-F453-42A6-89D7-DAEEF8B8BC5B}
	EndGlobalSection
EndGlobal
